
Microsoft Visual Studio Solution File, Format Version 12.00
# Visual Studio 14
VisualStudioVersion = 14.0.25420.1
MinimumVisualStudioVersion = 10.0.40219.1
Project("{8BC9CEB8-8B4A-11D0-8D11-00A0C91BC942}") = "6_BinarySearchTree", "6_BinarySearchTree\6_BinarySearchTree.vcxproj", "{CE59AC2C-6E3E-44C3-B277-1EE540217B0E}"
EndProject
Global
	GlobalSection(SolutionConfigurationPlatforms) = preSolution
		Debug|x64 = Debug|x64
		Debug|x86 = Debug|x86
		Release|x64 = Release|x64
		Release|x86 = Release|x86
	EndGlobalSection
	GlobalSection(ProjectConfigurationPlatforms) = postSolution
		{CE59AC2C-6E3E-44C3-B277-1EE540217B0E}.Debug|x64.ActiveCfg = Debug|x64
		{CE59AC2C-6E3E-44C3-B277-1EE540217B0E}.Debug|x64.Build.0 = Debug|x64
		{CE59AC2C-6E3E-44C3-B277-1EE540217B0E}.Debug|x86.ActiveCfg = Debug|Win32
		{CE59AC2C-6E3E-44C3-B277-1EE540217B0E}.Debug|x86.Build.0 = Debug|Win32
		{CE59AC2C-6E3E-44C3-B277-1EE540217B0E}.Release|x64.ActiveCfg = Release|x64
		{CE59AC2C-6E3E-44C3-B277-1EE540217B0E}.Release|x64.Build.0 = Release|x64
		{CE59AC2C-6E3E-44C3-B277-1EE540217B0E}.Release|x86.ActiveCfg = Release|Win32
		{CE59AC2C-6E3E-44C3-B277-1EE540217B0E}.Release|x86.Build.0 = Release|Win32
	EndGlobalSection
	GlobalSection(SolutionProperties) = preSolution
		HideSolutionNode = FALSE
	EndGlobalSection
EndGlobal
